
Microsoft Visual Studio Solution File, Format Version 12.00
# Visual Studio 15
VisualStudioVersion = 15.0.27130.2027
MinimumVisualStudioVersion = 10.0.40219.1
Project("{9A19103F-16F7-4668-BE54-9A1E7A4F7556}") = "MapsetParser", "MapsetParser.csproj", "{9BBDF823-B10F-4637-925F-4A4D9C506111}"
EndProject
Project("{9A19103F-16F7-4668-BE54-9A1E7A4F7556}") = "MapsetParserTest", "..\MapsetParserTest\MapsetParserTest.csproj", "{E1E1AB05-DD09-4EA5-A5AD-E49846A86B53}"
EndProject
Project("{FAE04EC0-301F-11D3-BF4B-00C04F79EFBC}") = "MapsetParserConsole", "..\MapsetParserConsole\MapsetParserConsole.csproj", "{CE2ADF2E-3B8C-4E3C-8F03-4BF2088D051E}"
EndProject
Global
	GlobalSection(SolutionConfigurationPlatforms) = preSolution
		Debug|Any CPU = Debug|Any CPU
		Release|Any CPU = Release|Any CPU
	EndGlobalSection
	GlobalSection(ProjectConfigurationPlatforms) = postSolution
		{9BBDF823-B10F-4637-925F-4A4D9C506111}.Debug|Any CPU.ActiveCfg = Debug|Any CPU
		{9BBDF823-B10F-4637-925F-4A4D9C506111}.Debug|Any CPU.Build.0 = Debug|Any CPU
		{9BBDF823-B10F-4637-925F-4A4D9C506111}.Release|Any CPU.ActiveCfg = Release|Any CPU
		{9BBDF823-B10F-4637-925F-4A4D9C506111}.Release|Any CPU.Build.0 = Release|Any CPU
		{E1E1AB05-DD09-4EA5-A5AD-E49846A86B53}.Debug|Any CPU.ActiveCfg = Debug|Any CPU
		{E1E1AB05-DD09-4EA5-A5AD-E49846A86B53}.Debug|Any CPU.Build.0 = Debug|Any CPU
		{E1E1AB05-DD09-4EA5-A5AD-E49846A86B53}.Release|Any CPU.ActiveCfg = Release|Any CPU
		{E1E1AB05-DD09-4EA5-A5AD-E49846A86B53}.Release|Any CPU.Build.0 = Release|Any CPU
		{CE2ADF2E-3B8C-4E3C-8F03-4BF2088D051E}.Debug|Any CPU.ActiveCfg = Debug|Any CPU
		{CE2ADF2E-3B8C-4E3C-8F03-4BF2088D051E}.Debug|Any CPU.Build.0 = Debug|Any CPU
		{CE2ADF2E-3B8C-4E3C-8F03-4BF2088D051E}.Release|Any CPU.ActiveCfg = Release|Any CPU
		{CE2ADF2E-3B8C-4E3C-8F03-4BF2088D051E}.Release|Any CPU.Build.0 = Release|Any CPU
	EndGlobalSection
	GlobalSection(SolutionProperties) = preSolution
		HideSolutionNode = FALSE
	EndGlobalSection
	GlobalSection(ExtensibilityGlobals) = postSolution
		SolutionGuid = {E998A6AB-4A59-4187-83C5-6BE1F0C0956A}
	EndGlobalSection
EndGlobal
